
Microsoft Visual Studio Solution File, Format Version 12.00
# Visual Studio Version 17
VisualStudioVersion = 17.11.35222.181
MinimumVisualStudioVersion = 10.0.40219.1
Project("{FAE04EC0-301F-11D3-BF4B-00C04F79EFBC}") = "EJ-2", "EJ-2\EJ-2.csproj", "{E6F0D7B0-AF62-4BB7-9315-C0BAB7DF3A44}"
EndProject
Global
	GlobalSection(SolutionConfigurationPlatforms) = preSolution
		Debug|Any CPU = Debug|Any CPU
		Release|Any CPU = Release|Any CPU
	EndGlobalSection
	GlobalSection(ProjectConfigurationPlatforms) = postSolution
		{E6F0D7B0-AF62-4BB7-9315-C0BAB7DF3A44}.Debug|Any CPU.ActiveCfg = Debug|Any CPU
		{E6F0D7B0-AF62-4BB7-9315-C0BAB7DF3A44}.Debug|Any CPU.Build.0 = Debug|Any CPU
		{E6F0D7B0-AF62-4BB7-9315-C0BAB7DF3A44}.Release|Any CPU.ActiveCfg = Release|Any CPU
		{E6F0D7B0-AF62-4BB7-9315-C0BAB7DF3A44}.Release|Any CPU.Build.0 = Release|Any CPU
	EndGlobalSection
	GlobalSection(SolutionProperties) = preSolution
		HideSolutionNode = FALSE
	EndGlobalSection
	GlobalSection(ExtensibilityGlobals) = postSolution
		SolutionGuid = {02CBB4F6-6D4A-47F0-8A74-009688703702}
	EndGlobalSection
EndGlobal
