
Microsoft Visual Studio Solution File, Format Version 12.00
# Visual Studio Version 17
VisualStudioVersion = 17.11.35222.181
MinimumVisualStudioVersion = 10.0.40219.1
Project("{FAE04EC0-301F-11D3-BF4B-00C04F79EFBC}") = "Tarea 9 - FileManager", "Tarea 9 - FileManager\Tarea 9 - FileManager.csproj", "{21EA8678-BDA4-417F-986B-9A043B4DD182}"
EndProject
Global
	GlobalSection(SolutionConfigurationPlatforms) = preSolution
		Debug|Any CPU = Debug|Any CPU
		Release|Any CPU = Release|Any CPU
	EndGlobalSection
	GlobalSection(ProjectConfigurationPlatforms) = postSolution
		{21EA8678-BDA4-417F-986B-9A043B4DD182}.Debug|Any CPU.ActiveCfg = Debug|Any CPU
		{21EA8678-BDA4-417F-986B-9A043B4DD182}.Debug|Any CPU.Build.0 = Debug|Any CPU
		{21EA8678-BDA4-417F-986B-9A043B4DD182}.Release|Any CPU.ActiveCfg = Release|Any CPU
		{21EA8678-BDA4-417F-986B-9A043B4DD182}.Release|Any CPU.Build.0 = Release|Any CPU
	EndGlobalSection
	GlobalSection(SolutionProperties) = preSolution
		HideSolutionNode = FALSE
	EndGlobalSection
	GlobalSection(ExtensibilityGlobals) = postSolution
		SolutionGuid = {54E84D73-40E4-4C86-99E9-E92AF7ACC653}
	EndGlobalSection
EndGlobal
