
Microsoft Visual Studio Solution File, Format Version 12.00
# Visual Studio Version 17
VisualStudioVersion = 17.7.34031.279
MinimumVisualStudioVersion = 10.0.40219.1
Project("{8BC9CEB8-8B4A-11D0-8D11-00A0C91BC942}") = "Tarea 3", "Tarea 3\Tarea 3.vcxproj", "{EF222E4A-748D-4168-92CB-962FA0C53140}"
EndProject
Global
	GlobalSection(SolutionConfigurationPlatforms) = preSolution
		Debug|x64 = Debug|x64
		Debug|x86 = Debug|x86
		Release|x64 = Release|x64
		Release|x86 = Release|x86
	EndGlobalSection
	GlobalSection(ProjectConfigurationPlatforms) = postSolution
		{EF222E4A-748D-4168-92CB-962FA0C53140}.Debug|x64.ActiveCfg = Debug|x64
		{EF222E4A-748D-4168-92CB-962FA0C53140}.Debug|x64.Build.0 = Debug|x64
		{EF222E4A-748D-4168-92CB-962FA0C53140}.Debug|x86.ActiveCfg = Debug|Win32
		{EF222E4A-748D-4168-92CB-962FA0C53140}.Debug|x86.Build.0 = Debug|Win32
		{EF222E4A-748D-4168-92CB-962FA0C53140}.Release|x64.ActiveCfg = Release|x64
		{EF222E4A-748D-4168-92CB-962FA0C53140}.Release|x64.Build.0 = Release|x64
		{EF222E4A-748D-4168-92CB-962FA0C53140}.Release|x86.ActiveCfg = Release|Win32
		{EF222E4A-748D-4168-92CB-962FA0C53140}.Release|x86.Build.0 = Release|Win32
	EndGlobalSection
	GlobalSection(SolutionProperties) = preSolution
		HideSolutionNode = FALSE
	EndGlobalSection
	GlobalSection(ExtensibilityGlobals) = postSolution
		SolutionGuid = {FBE661EA-65A5-4046-8D2D-7C9B4EC727E5}
	EndGlobalSection
EndGlobal
