
Microsoft Visual Studio Solution File, Format Version 12.00
# Visual Studio Version 17
VisualStudioVersion = 17.11.35222.181
MinimumVisualStudioVersion = 10.0.40219.1
Project("{FAE04EC0-301F-11D3-BF4B-00C04F79EFBC}") = "Tarea 8 - Parte 3 - FileManager", "Tarea 8 - Parte 3 - FileManager\Tarea 8 - Parte 3 - FileManager.csproj", "{01060813-5357-430A-AA1B-462F81B1DD93}"
EndProject
Global
	GlobalSection(SolutionConfigurationPlatforms) = preSolution
		Debug|Any CPU = Debug|Any CPU
		Release|Any CPU = Release|Any CPU
	EndGlobalSection
	GlobalSection(ProjectConfigurationPlatforms) = postSolution
		{01060813-5357-430A-AA1B-462F81B1DD93}.Debug|Any CPU.ActiveCfg = Debug|Any CPU
		{01060813-5357-430A-AA1B-462F81B1DD93}.Debug|Any CPU.Build.0 = Debug|Any CPU
		{01060813-5357-430A-AA1B-462F81B1DD93}.Release|Any CPU.ActiveCfg = Release|Any CPU
		{01060813-5357-430A-AA1B-462F81B1DD93}.Release|Any CPU.Build.0 = Release|Any CPU
	EndGlobalSection
	GlobalSection(SolutionProperties) = preSolution
		HideSolutionNode = FALSE
	EndGlobalSection
	GlobalSection(ExtensibilityGlobals) = postSolution
		SolutionGuid = {6AE56E50-3358-4B85-B0BD-72A193A08D74}
	EndGlobalSection
EndGlobal
