
Microsoft Visual Studio Solution File, Format Version 12.00
# Visual Studio Version 17
VisualStudioVersion = 17.11.35222.181
MinimumVisualStudioVersion = 10.0.40219.1
Project("{FAE04EC0-301F-11D3-BF4B-00C04F79EFBC}") = "PGE - Parcial 2 - Asistente Virtual", "PGE - Parcial 2 - Asistente Virtual\PGE - Parcial 2 - Asistente Virtual.csproj", "{F9E22682-8809-4859-AAA6-0E2253A8B263}"
EndProject
Global
	GlobalSection(SolutionConfigurationPlatforms) = preSolution
		Debug|Any CPU = Debug|Any CPU
		Release|Any CPU = Release|Any CPU
	EndGlobalSection
	GlobalSection(ProjectConfigurationPlatforms) = postSolution
		{F9E22682-8809-4859-AAA6-0E2253A8B263}.Debug|Any CPU.ActiveCfg = Debug|Any CPU
		{F9E22682-8809-4859-AAA6-0E2253A8B263}.Debug|Any CPU.Build.0 = Debug|Any CPU
		{F9E22682-8809-4859-AAA6-0E2253A8B263}.Release|Any CPU.ActiveCfg = Release|Any CPU
		{F9E22682-8809-4859-AAA6-0E2253A8B263}.Release|Any CPU.Build.0 = Release|Any CPU
	EndGlobalSection
	GlobalSection(SolutionProperties) = preSolution
		HideSolutionNode = FALSE
	EndGlobalSection
	GlobalSection(ExtensibilityGlobals) = postSolution
		SolutionGuid = {D8C4261D-9DC8-422C-B7A4-64ED34FD3D97}
	EndGlobalSection
EndGlobal
