
Microsoft Visual Studio Solution File, Format Version 12.00
# Visual Studio Version 17
VisualStudioVersion = 17.11.35222.181
MinimumVisualStudioVersion = 10.0.40219.1
Project("{FAE04EC0-301F-11D3-BF4B-00C04F79EFBC}") = "Tarea 8 - Parte 4 - FileMananger y Calculator", "Tarea 8 - Parte 4 - FileMananger y Calculator\Tarea 8 - Parte 4 - FileMananger y Calculator.csproj", "{9FECA6CD-546F-4458-A3B3-22835E640190}"
EndProject
Global
	GlobalSection(SolutionConfigurationPlatforms) = preSolution
		Debug|Any CPU = Debug|Any CPU
		Release|Any CPU = Release|Any CPU
	EndGlobalSection
	GlobalSection(ProjectConfigurationPlatforms) = postSolution
		{9FECA6CD-546F-4458-A3B3-22835E640190}.Debug|Any CPU.ActiveCfg = Debug|Any CPU
		{9FECA6CD-546F-4458-A3B3-22835E640190}.Debug|Any CPU.Build.0 = Debug|Any CPU
		{9FECA6CD-546F-4458-A3B3-22835E640190}.Release|Any CPU.ActiveCfg = Release|Any CPU
		{9FECA6CD-546F-4458-A3B3-22835E640190}.Release|Any CPU.Build.0 = Release|Any CPU
	EndGlobalSection
	GlobalSection(SolutionProperties) = preSolution
		HideSolutionNode = FALSE
	EndGlobalSection
	GlobalSection(ExtensibilityGlobals) = postSolution
		SolutionGuid = {6A4EED9F-464E-41AE-9EB1-B4283297E6A6}
	EndGlobalSection
EndGlobal
